
Microsoft Visual Studio Solution File, Format Version 12.00
# Visual Studio 15
VisualStudioVersion = 15.0.28307.1585
MinimumVisualStudioVersion = 10.0.40219.1
Project("{FAE04EC0-301F-11D3-BF4B-00C04F79EFBC}") = "MobileServer", "MobileServer\MobileServer.csproj", "{0335D376-1F10-4C40-A672-6D07A5100EEF}"
EndProject
Project("{FAE04EC0-301F-11D3-BF4B-00C04F79EFBC}") = "MobileProtocol", "MobileProtocol\MobileProtocol.csproj", "{86CCA1D8-7F80-41AF-ACA7-18D1FDABA44E}"
EndProject
Global
	GlobalSection(SolutionConfigurationPlatforms) = preSolution
		Debug|Any CPU = Debug|Any CPU
		Release|Any CPU = Release|Any CPU
	EndGlobalSection
	GlobalSection(ProjectConfigurationPlatforms) = postSolution
		{0335D376-1F10-4C40-A672-6D07A5100EEF}.Debug|Any CPU.ActiveCfg = Debug|Any CPU
		{0335D376-1F10-4C40-A672-6D07A5100EEF}.Debug|Any CPU.Build.0 = Debug|Any CPU
		{0335D376-1F10-4C40-A672-6D07A5100EEF}.Release|Any CPU.ActiveCfg = Release|Any CPU
		{0335D376-1F10-4C40-A672-6D07A5100EEF}.Release|Any CPU.Build.0 = Release|Any CPU
		{86CCA1D8-7F80-41AF-ACA7-18D1FDABA44E}.Debug|Any CPU.ActiveCfg = Debug|Any CPU
		{86CCA1D8-7F80-41AF-ACA7-18D1FDABA44E}.Debug|Any CPU.Build.0 = Debug|Any CPU
		{86CCA1D8-7F80-41AF-ACA7-18D1FDABA44E}.Release|Any CPU.ActiveCfg = Release|Any CPU
		{86CCA1D8-7F80-41AF-ACA7-18D1FDABA44E}.Release|Any CPU.Build.0 = Release|Any CPU
	EndGlobalSection
	GlobalSection(SolutionProperties) = preSolution
		HideSolutionNode = FALSE
	EndGlobalSection
	GlobalSection(ExtensibilityGlobals) = postSolution
		SolutionGuid = {5D4E1EF7-73F6-4027-8F13-66CE3824E941}
	EndGlobalSection
EndGlobal
